<?xml version="1.0" encoding="utf-8"?>
<Project ToolsVersion="4.0" xmlns="http://schemas.microsoft.com/developer/msbuild/2003">
  <ItemGroup>
    <Filter Include="Source Files">
      <UniqueIdentifier>{013718cb-d8e8-4d89-95f7-0ded06dcb4d6}</UniqueIdentifier>
      <Extensions>cpp;c;cxx;def;odl;idl;hpj;bat;asm</Extensions>
    </Filter>
    <Filter Include="Header Files">
      <UniqueIdentifier>{45c4a520-564b-4c31-9145-1ff84b22debe}</UniqueIdentifier>
      <Extensions>h;hpp;hxx;hm;inl;inc</Extensions>
    </Filter>
    <Filter Include="Resource Files">
      <UniqueIdentifier>{2c19c3e1-8da8-4661-bce6-282a57783e35}</UniqueIdentifier>
      <Extensions>rc;ico;cur;bmp;dlg;rc2;rct;bin;rgs;jpg;jpeg;jpe;manifest</Extensions>
    </Filter>
  </ItemGroup>
  <ItemGroup>
    <ClCompile Include="Area.cpp">
      <Filter>Source Files</Filter>
    </ClCompile>
    <ClCompile Include="AreaCover.cpp">
      <Filter>Source Files</Filter>
    </ClCompile>
    <ClCompile Include="Coverage Finder.cpp">
      <Filter>Source Files</Filter>
    </ClCompile>
    <ClCompile Include="Coverage FinderDlg.cpp">
      <Filter>Source Files</Filter>
    </ClCompile>
    <ClCompile Include="DisplayDLG.cpp">
      <Filter>Source Files</Filter>
    </ClCompile>
    <ClCompile Include="GeometricObject.cpp">
      <Filter>Source Files</Filter>
    </ClCompile>
    <ClCompile Include="MappedLine.cpp">
      <Filter>Source Files</Filter>
    </ClCompile>
    <ClCompile Include="MappedPoint.cpp">
      <Filter>Source Files</Filter>
    </ClCompile>
    <ClCompile Include="MappedRect.cpp">
      <Filter>Source Files</Filter>
    </ClCompile>
    <ClCompile Include="Path.cpp">
      <Filter>Source Files</Filter>
    </ClCompile>
    <ClCompile Include="stdafx.cpp">
      <Filter>Source Files</Filter>
    </ClCompile>
  </ItemGroup>
  <ItemGroup>
    <ClInclude Include="Area.h">
      <Filter>Header Files</Filter>
    </ClInclude>
    <ClInclude Include="AreaCover.h">
      <Filter>Header Files</Filter>
    </ClInclude>
    <ClInclude Include="Coverage Finder.h">
      <Filter>Header Files</Filter>
    </ClInclude>
    <ClInclude Include="Coverage FinderDlg.h">
      <Filter>Header Files</Filter>
    </ClInclude>
    <ClInclude Include="DisplayDLG.h">
      <Filter>Header Files</Filter>
    </ClInclude>
    <ClInclude Include="GeometricObject.h">
      <Filter>Header Files</Filter>
    </ClInclude>
    <ClInclude Include="MappedLine.h">
      <Filter>Header Files</Filter>
    </ClInclude>
    <ClInclude Include="MappedPoint.h">
      <Filter>Header Files</Filter>
    </ClInclude>
    <ClInclude Include="MappedRect.h">
      <Filter>Header Files</Filter>
    </ClInclude>
    <ClInclude Include="Path.h">
      <Filter>Header Files</Filter>
    </ClInclude>
    <ClInclude Include="Resource.h">
      <Filter>Header Files</Filter>
    </ClInclude>
    <ClInclude Include="stdafx.h">
      <Filter>Header Files</Filter>
    </ClInclude>
  </ItemGroup>
  <ItemGroup>
    <Image Include="res\Coverage Finder.ico">
      <Filter>Resource Files</Filter>
    </Image>
  </ItemGroup>
  <ItemGroup>
    <ResourceCompile Include="Coverage Finder.rc">
      <Filter>Resource Files</Filter>
    </ResourceCompile>
  </ItemGroup>
  <ItemGroup>
    <None Include="res\Coverage Finder.rc2">
      <Filter>Resource Files</Filter>
    </None>
  </ItemGroup>
  <ItemGroup>
    <Text Include="ReadMe.txt" />
  </ItemGroup>
  <ItemGroup>
    <CustomBuild Include="res\Coverage Finder.manifest">
      <Filter>Resource Files</Filter>
    </CustomBuild>
  </ItemGroup>
</Project>